// !$*UTF8*$!
{
	archiveVersion = 1;
	classes = {
	};
	objectVersion = 55;
	objects = {

/* Begin PBXBuildFile section */
		C40C0A4F2855CE59000A73AA /* E_Commerce_SwiftUIApp.swift in Sources */ = {isa = PBXBuildFile; fileRef = C40C0A4E2855CE59000A73AA /* E_Commerce_SwiftUIApp.swift */; };
		C40C0A512855CE59000A73AA /* ContentView.swift in Sources */ = {isa = PBXBuildFile; fileRef = C40C0A502855CE59000A73AA /* ContentView.swift */; };
		C40C0A532855CE5A000A73AA /* Assets.xcassets in Resources */ = {isa = PBXBuildFile; fileRef = C40C0A522855CE5A000A73AA /* Assets.xcassets */; };
		C40C0A562855CE5A000A73AA /* Preview Assets.xcassets in Resources */ = {isa = PBXBuildFile; fileRef = C40C0A552855CE5A000A73AA /* Preview Assets.xcassets */; };
		C40C0A602855CED7000A73AA /* player.json in Resources */ = {isa = PBXBuildFile; fileRef = C40C0A5C2855CED7000A73AA /* player.json */; };
		C40C0A612855CED7000A73AA /* product.json in Resources */ = {isa = PBXBuildFile; fileRef = C40C0A5D2855CED7000A73AA /* product.json */; };
		C40C0A622855CED7000A73AA /* brand.json in Resources */ = {isa = PBXBuildFile; fileRef = C40C0A5E2855CED7000A73AA /* brand.json */; };
		C40C0A632855CED7000A73AA /* category.json in Resources */ = {isa = PBXBuildFile; fileRef = C40C0A5F2855CED7000A73AA /* category.json */; };
		C41BBB22285606A100D60602 /* PlayerModel.swift in Sources */ = {isa = PBXBuildFile; fileRef = C41BBB21285606A100D60602 /* PlayerModel.swift */; };
		C41BBB242856078300D60602 /* File.swift in Sources */ = {isa = PBXBuildFile; fileRef = C41BBB232856078300D60602 /* File.swift */; };
		C41BBB262856079800D60602 /* CodableBundleExtension.swift in Sources */ = {isa = PBXBuildFile; fileRef = C41BBB252856079800D60602 /* CodableBundleExtension.swift */; };
		C41BBB2828560B4700D60602 /* FeaturedItemView.swift in Sources */ = {isa = PBXBuildFile; fileRef = C41BBB2728560B4700D60602 /* FeaturedItemView.swift */; };
		C41BBB2A28560BDC00D60602 /* FeaturedTabView.swift in Sources */ = {isa = PBXBuildFile; fileRef = C41BBB2928560BDC00D60602 /* FeaturedTabView.swift */; };
		C47869382855E436003B50CB /* Constant.swift in Sources */ = {isa = PBXBuildFile; fileRef = C47869372855E436003B50CB /* Constant.swift */; };
		C478693A2855E50B003B50CB /* FooterView.swift in Sources */ = {isa = PBXBuildFile; fileRef = C47869392855E50B003B50CB /* FooterView.swift */; };
		C478693C2855E8D9003B50CB /* NavigationBarView.swift in Sources */ = {isa = PBXBuildFile; fileRef = C478693B2855E8D9003B50CB /* NavigationBarView.swift */; };
		C478693E2855E9DF003B50CB /* LogoView.swift in Sources */ = {isa = PBXBuildFile; fileRef = C478693D2855E9DF003B50CB /* LogoView.swift */; };
/* End PBXBuildFile section */

/* Begin PBXFileReference section */
		C40C0A4B2855CE59000A73AA /* E-Commerce-SwiftUI.app */ = {isa = PBXFileReference; explicitFileType = wrapper.application; includeInIndex = 0; path = "E-Commerce-SwiftUI.app"; sourceTree = BUILT_PRODUCTS_DIR; };
		C40C0A4E2855CE59000A73AA /* E_Commerce_SwiftUIApp.swift */ = {isa = PBXFileReference; lastKnownFileType = sourcecode.swift; path = E_Commerce_SwiftUIApp.swift; sourceTree = "<group>"; };
		C40C0A502855CE59000A73AA /* ContentView.swift */ = {isa = PBXFileReference; lastKnownFileType = sourcecode.swift; path = ContentView.swift; sourceTree = "<group>"; };
		C40C0A522855CE5A000A73AA /* Assets.xcassets */ = {isa = PBXFileReference; lastKnownFileType = folder.assetcatalog; path = Assets.xcassets; sourceTree = "<group>"; };
		C40C0A552855CE5A000A73AA /* Preview Assets.xcassets */ = {isa = PBXFileReference; lastKnownFileType = folder.assetcatalog; path = "Preview Assets.xcassets"; sourceTree = "<group>"; };
		C40C0A5C2855CED7000A73AA /* player.json */ = {isa = PBXFileReference; fileEncoding = 4; lastKnownFileType = text.json; path = player.json; sourceTree = "<group>"; };
		C40C0A5D2855CED7000A73AA /* product.json */ = {isa = PBXFileReference; fileEncoding = 4; lastKnownFileType = text.json; path = product.json; sourceTree = "<group>"; };
		C40C0A5E2855CED7000A73AA /* brand.json */ = {isa = PBXFileReference; fileEncoding = 4; lastKnownFileType = text.json; path = brand.json; sourceTree = "<group>"; };
		C40C0A5F2855CED7000A73AA /* category.json */ = {isa = PBXFileReference; fileEncoding = 4; lastKnownFileType = text.json; path = category.json; sourceTree = "<group>"; };
		C40C0A652855CF03000A73AA /* Info.plist */ = {isa = PBXFileReference; lastKnownFileType = text.plist; path = Info.plist; sourceTree = "<group>"; };
		C41BBB21285606A100D60602 /* PlayerModel.swift */ = {isa = PBXFileReference; lastKnownFileType = sourcecode.swift; path = PlayerModel.swift; sourceTree = "<group>"; };
		C41BBB232856078300D60602 /* File.swift */ = {isa = PBXFileReference; lastKnownFileType = sourcecode.swift; path = File.swift; sourceTree = "<group>"; };
		C41BBB252856079800D60602 /* CodableBundleExtension.swift */ = {isa = PBXFileReference; lastKnownFileType = sourcecode.swift; path = CodableBundleExtension.swift; sourceTree = "<group>"; };
		C41BBB2728560B4700D60602 /* FeaturedItemView.swift */ = {isa = PBXFileReference; lastKnownFileType = sourcecode.swift; path = FeaturedItemView.swift; sourceTree = "<group>"; };
		C41BBB2928560BDC00D60602 /* FeaturedTabView.swift */ = {isa = PBXFileReference; lastKnownFileType = sourcecode.swift; path = FeaturedTabView.swift; sourceTree = "<group>"; };
		C47869372855E436003B50CB /* Constant.swift */ = {isa = PBXFileReference; lastKnownFileType = sourcecode.swift; path = Constant.swift; sourceTree = "<group>"; };
		C47869392855E50B003B50CB /* FooterView.swift */ = {isa = PBXFileReference; lastKnownFileType = sourcecode.swift; path = FooterView.swift; sourceTree = "<group>"; };
		C478693B2855E8D9003B50CB /* NavigationBarView.swift */ = {isa = PBXFileReference; lastKnownFileType = sourcecode.swift; path = NavigationBarView.swift; sourceTree = "<group>"; };
		C478693D2855E9DF003B50CB /* LogoView.swift */ = {isa = PBXFileReference; lastKnownFileType = sourcecode.swift; path = LogoView.swift; sourceTree = "<group>"; };
/* End PBXFileReference section */

/* Begin PBXFrameworksBuildPhase section */
		C40C0A482855CE59000A73AA /* Frameworks */ = {
			isa = PBXFrameworksBuildPhase;
			buildActionMask = 2147483647;
			files = (
			);
			runOnlyForDeploymentPostprocessing = 0;
		};
/* End PBXFrameworksBuildPhase section */

/* Begin PBXGroup section */
		C40C0A422855CE59000A73AA = {
			isa = PBXGroup;
			children = (
				C40C0A4D2855CE59000A73AA /* E-Commerce-SwiftUI */,
				C40C0A4C2855CE59000A73AA /* Products */,
			);
			sourceTree = "<group>";
		};
		C40C0A4C2855CE59000A73AA /* Products */ = {
			isa = PBXGroup;
			children = (
				C40C0A4B2855CE59000A73AA /* E-Commerce-SwiftUI.app */,
			);
			name = Products;
			sourceTree = "<group>";
		};
		C40C0A4D2855CE59000A73AA /* E-Commerce-SwiftUI */ = {
			isa = PBXGroup;
			children = (
				C47869362855E354003B50CB /* Model */,
				C47869352855E34C003B50CB /* Extension */,
				C47869342855E344003B50CB /* Utility */,
				C47869302855E30C003B50CB /* View */,
				C40C0A642855CEE2000A73AA /* Data */,
				C47869332855E336003B50CB /* App */,
				C40C0A522855CE5A000A73AA /* Assets.xcassets */,
				C40C0A652855CF03000A73AA /* Info.plist */,
				C40C0A542855CE5A000A73AA /* Preview Content */,
			);
			path = "E-Commerce-SwiftUI";
			sourceTree = "<group>";
		};
		C40C0A542855CE5A000A73AA /* Preview Content */ = {
			isa = PBXGroup;
			children = (
				C40C0A552855CE5A000A73AA /* Preview Assets.xcassets */,
			);
			path = "Preview Content";
			sourceTree = "<group>";
		};
		C40C0A642855CEE2000A73AA /* Data */ = {
			isa = PBXGroup;
			children = (
				C40C0A5E2855CED7000A73AA /* brand.json */,
				C40C0A5F2855CED7000A73AA /* category.json */,
				C40C0A5C2855CED7000A73AA /* player.json */,
				C40C0A5D2855CED7000A73AA /* product.json */,
			);
			path = Data;
			sourceTree = "<group>";
		};
		C47869302855E30C003B50CB /* View */ = {
			isa = PBXGroup;
			children = (
				C47869322855E327003B50CB /* Home */,
				C47869312855E316003B50CB /* Detail */,
			);
			path = View;
			sourceTree = "<group>";
		};
		C47869312855E316003B50CB /* Detail */ = {
			isa = PBXGroup;
			children = (
			);
			path = Detail;
			sourceTree = "<group>";
		};
		C47869322855E327003B50CB /* Home */ = {
			isa = PBXGroup;
			children = (
				C47869392855E50B003B50CB /* FooterView.swift */,
				C478693B2855E8D9003B50CB /* NavigationBarView.swift */,
				C478693D2855E9DF003B50CB /* LogoView.swift */,
				C41BBB2728560B4700D60602 /* FeaturedItemView.swift */,
				C41BBB2928560BDC00D60602 /* FeaturedTabView.swift */,
			);
			path = Home;
			sourceTree = "<group>";
		};
		C47869332855E336003B50CB /* App */ = {
			isa = PBXGroup;
			children = (
				C40C0A4E2855CE59000A73AA /* E_Commerce_SwiftUIApp.swift */,
				C40C0A502855CE59000A73AA /* ContentView.swift */,
			);
			path = App;
			sourceTree = "<group>";
		};
		C47869342855E344003B50CB /* Utility */ = {
			isa = PBXGroup;
			children = (
				C47869372855E436003B50CB /* Constant.swift */,
			);
			path = Utility;
			sourceTree = "<group>";
		};
		C47869352855E34C003B50CB /* Extension */ = {
			isa = PBXGroup;
			children = (
				C41BBB232856078300D60602 /* File.swift */,
				C41BBB252856079800D60602 /* CodableBundleExtension.swift */,
			);
			path = Extension;
			sourceTree = "<group>";
		};
		C47869362855E354003B50CB /* Model */ = {
			isa = PBXGroup;
			children = (
				C41BBB21285606A100D60602 /* PlayerModel.swift */,
			);
			path = Model;
			sourceTree = "<group>";
		};
/* End PBXGroup section */

/* Begin PBXNativeTarget section */
		C40C0A4A2855CE59000A73AA /* E-Commerce-SwiftUI */ = {
			isa = PBXNativeTarget;
			buildConfigurationList = C40C0A592855CE5A000A73AA /* Build configuration list for PBXNativeTarget "E-Commerce-SwiftUI" */;
			buildPhases = (
				C40C0A472855CE59000A73AA /* Sources */,
				C40C0A482855CE59000A73AA /* Frameworks */,
				C40C0A492855CE59000A73AA /* Resources */,
			);
			buildRules = (
			);
			dependencies = (
			);
			name = "E-Commerce-SwiftUI";
			productName = "E-Commerce-SwiftUI";
			productReference = C40C0A4B2855CE59000A73AA /* E-Commerce-SwiftUI.app */;
			productType = "com.apple.product-type.application";
		};
/* End PBXNativeTarget section */

/* Begin PBXProject section */
		C40C0A432855CE59000A73AA /* Project object */ = {
			isa = PBXProject;
			attributes = {
				BuildIndependentTargetsInParallel = 1;
				LastSwiftUpdateCheck = 1340;
				LastUpgradeCheck = 1340;
				TargetAttributes = {
					C40C0A4A2855CE59000A73AA = {
						CreatedOnToolsVersion = 13.4.1;
					};
				};
			};
			buildConfigurationList = C40C0A462855CE59000A73AA /* Build configuration list for PBXProject "E-Commerce-SwiftUI" */;
			compatibilityVersion = "Xcode 13.0";
			developmentRegion = en;
			hasScannedForEncodings = 0;
			knownRegions = (
				en,
				Base,
			);
			mainGroup = C40C0A422855CE59000A73AA;
			productRefGroup = C40C0A4C2855CE59000A73AA /* Products */;
			projectDirPath = "";
			projectRoot = "";
			targets = (
				C40C0A4A2855CE59000A73AA /* E-Commerce-SwiftUI */,
			);
		};
/* End PBXProject section */

/* Begin PBXResourcesBuildPhase section */
		C40C0A492855CE59000A73AA /* Resources */ = {
			isa = PBXResourcesBuildPhase;
			buildActionMask = 2147483647;
			files = (
				C40C0A602855CED7000A73AA /* player.json in Resources */,
				C40C0A622855CED7000A73AA /* brand.json in Resources */,
				C40C0A612855CED7000A73AA /* product.json in Resources */,
				C40C0A632855CED7000A73AA /* category.json in Resources */,
				C40C0A562855CE5A000A73AA /* Preview Assets.xcassets in Resources */,
				C40C0A532855CE5A000A73AA /* Assets.xcassets in Resources */,
			);
			runOnlyForDeploymentPostprocessing = 0;
		};
/* End PBXResourcesBuildPhase section */

/* Begin PBXSourcesBuildPhase section */
		C40C0A472855CE59000A73AA /* Sources */ = {
			isa = PBXSourcesBuildPhase;
			buildActionMask = 2147483647;
			files = (
				C40C0A512855CE59000A73AA /* ContentView.swift in Sources */,
				C478693E2855E9DF003B50CB /* LogoView.swift in Sources */,
				C478693A2855E50B003B50CB /* FooterView.swift in Sources */,
				C40C0A4F2855CE59000A73AA /* E_Commerce_SwiftUIApp.swift in Sources */,
				C47869382855E436003B50CB /* Constant.swift in Sources */,
				C41BBB242856078300D60602 /* File.swift in Sources */,
				C41BBB2A28560BDC00D60602 /* FeaturedTabView.swift in Sources */,
				C478693C2855E8D9003B50CB /* NavigationBarView.swift in Sources */,
				C41BBB2828560B4700D60602 /* FeaturedItemView.swift in Sources */,
				C41BBB22285606A100D60602 /* PlayerModel.swift in Sources */,
				C41BBB262856079800D60602 /* CodableBundleExtension.swift in Sources */,
			);
			runOnlyForDeploymentPostprocessing = 0;
		};
/* End PBXSourcesBuildPhase section */

/* Begin XCBuildConfiguration section */
		C40C0A572855CE5A000A73AA /* Debug */ = {
			isa = XCBuildConfiguration;
			buildSettings = {
				ALWAYS_SEARCH_USER_PATHS = NO;
				CLANG_ANALYZER_NONNULL = YES;
				CLANG_ANALYZER_NUMBER_OBJECT_CONVERSION = YES_AGGRESSIVE;
				CLANG_CXX_LANGUAGE_STANDARD = "gnu++17";
				CLANG_ENABLE_MODULES = YES;
				CLANG_ENABLE_OBJC_ARC = YES;
				CLANG_ENABLE_OBJC_WEAK = YES;
				CLANG_WARN_BLOCK_CAPTURE_AUTORELEASING = YES;
				CLANG_WARN_BOOL_CONVERSION = YES;
				CLANG_WARN_COMMA = YES;
				CLANG_WARN_CONSTANT_CONVERSION = YES;
				CLANG_WARN_DEPRECATED_OBJC_IMPLEMENTATIONS = YES;
				CLANG_WARN_DIRECT_OBJC_ISA_USAGE = YES_ERROR;
				CLANG_WARN_DOCUMENTATION_COMMENTS = YES;
				CLANG_WARN_EMPTY_BODY = YES;
				CLANG_WARN_ENUM_CONVERSION = YES;
				CLANG_WARN_INFINITE_RECURSION = YES;
				CLANG_WARN_INT_CONVERSION = YES;
				CLANG_WARN_NON_LITERAL_NULL_CONVERSION = YES;
				CLANG_WARN_OBJC_IMPLICIT_RETAIN_SELF = YES;
				CLANG_WARN_OBJC_LITERAL_CONVERSION = YES;
				CLANG_WARN_OBJC_ROOT_CLASS = YES_ERROR;
				CLANG_WARN_QUOTED_INCLUDE_IN_FRAMEWORK_HEADER = YES;
				CLANG_WARN_RANGE_LOOP_ANALYSIS = YES;
				CLANG_WARN_STRICT_PROTOTYPES = YES;
				CLANG_WARN_SUSPICIOUS_MOVE = YES;
				CLANG_WARN_UNGUARDED_AVAILABILITY = YES_AGGRESSIVE;
				CLANG_WARN_UNREACHABLE_CODE = YES;
				CLANG_WARN__DUPLICATE_METHOD_MATCH = YES;
				COPY_PHASE_STRIP = NO;
				DEBUG_INFORMATION_FORMAT = dwarf;
				ENABLE_STRICT_OBJC_MSGSEND = YES;
				ENABLE_TESTABILITY = YES;
				GCC_C_LANGUAGE_STANDARD = gnu11;
				GCC_DYNAMIC_NO_PIC = NO;
				GCC_NO_COMMON_BLOCKS = YES;
				GCC_OPTIMIZATION_LEVEL = 0;
				GCC_PREPROCESSOR_DEFINITIONS = (
					"DEBUG=1",
					"$(inherited)",
				);
				GCC_WARN_64_TO_32_BIT_CONVERSION = YES;
				GCC_WARN_ABOUT_RETURN_TYPE = YES_ERROR;
				GCC_WARN_UNDECLARED_SELECTOR = YES;
				GCC_WARN_UNINITIALIZED_AUTOS = YES_AGGRESSIVE;
				GCC_WARN_UNUSED_FUNCTION = YES;
				GCC_WARN_UNUSED_VARIABLE = YES;
				IPHONEOS_DEPLOYMENT_TARGET = 15.5;
				MTL_ENABLE_DEBUG_INFO = INCLUDE_SOURCE;
				MTL_FAST_MATH = YES;
				ONLY_ACTIVE_ARCH = YES;
				SDKROOT = iphoneos;
				SWIFT_ACTIVE_COMPILATION_CONDITIONS = DEBUG;
				SWIFT_OPTIMIZATION_LEVEL = "-Onone";
			};
			name = Debug;
		};
		C40C0A582855CE5A000A73AA /* Release */ = {
			isa = XCBuildConfiguration;
			buildSettings = {
				ALWAYS_SEARCH_USER_PATHS = NO;
				CLANG_ANALYZER_NONNULL = YES;
				CLANG_ANALYZER_NUMBER_OBJECT_CONVERSION = YES_AGGRESSIVE;
				CLANG_CXX_LANGUAGE_STANDARD = "gnu++17";
				CLANG_ENABLE_MODULES = YES;
				CLANG_ENABLE_OBJC_ARC = YES;
				CLANG_ENABLE_OBJC_WEAK = YES;
				CLANG_WARN_BLOCK_CAPTURE_AUTORELEASING = YES;
				CLANG_WARN_BOOL_CONVERSION = YES;
				CLANG_WARN_COMMA = YES;
				CLANG_WARN_CONSTANT_CONVERSION = YES;
				CLANG_WARN_DEPRECATED_OBJC_IMPLEMENTATIONS = YES;
				CLANG_WARN_DIRECT_OBJC_ISA_USAGE = YES_ERROR;
				CLANG_WARN_DOCUMENTATION_COMMENTS = YES;
				CLANG_WARN_EMPTY_BODY = YES;
				CLANG_WARN_ENUM_CONVERSION = YES;
				CLANG_WARN_INFINITE_RECURSION = YES;
				CLANG_WARN_INT_CONVERSION = YES;
				CLANG_WARN_NON_LITERAL_NULL_CONVERSION = YES;
				CLANG_WARN_OBJC_IMPLICIT_RETAIN_SELF = YES;
				CLANG_WARN_OBJC_LITERAL_CONVERSION = YES;
				CLANG_WARN_OBJC_ROOT_CLASS = YES_ERROR;
				CLANG_WARN_QUOTED_INCLUDE_IN_FRAMEWORK_HEADER = YES;
				CLANG_WARN_RANGE_LOOP_ANALYSIS = YES;
				CLANG_WARN_STRICT_PROTOTYPES = YES;
				CLANG_WARN_SUSPICIOUS_MOVE = YES;
				CLANG_WARN_UNGUARDED_AVAILABILITY = YES_AGGRESSIVE;
				CLANG_WARN_UNREACHABLE_CODE = YES;
				CLANG_WARN__DUPLICATE_METHOD_MATCH = YES;
				COPY_PHASE_STRIP = NO;
				DEBUG_INFORMATION_FORMAT = "dwarf-with-dsym";
				ENABLE_NS_ASSERTIONS = NO;
				ENABLE_STRICT_OBJC_MSGSEND = YES;
				GCC_C_LANGUAGE_STANDARD = gnu11;
				GCC_NO_COMMON_BLOCKS = YES;
				GCC_WARN_64_TO_32_BIT_CONVERSION = YES;
				GCC_WARN_ABOUT_RETURN_TYPE = YES_ERROR;
				GCC_WARN_UNDECLARED_SELECTOR = YES;
				GCC_WARN_UNINITIALIZED_AUTOS = YES_AGGRESSIVE;
				GCC_WARN_UNUSED_FUNCTION = YES;
				GCC_WARN_UNUSED_VARIABLE = YES;
				IPHONEOS_DEPLOYMENT_TARGET = 15.5;
				MTL_ENABLE_DEBUG_INFO = NO;
				MTL_FAST_MATH = YES;
				SDKROOT = iphoneos;
				SWIFT_COMPILATION_MODE = wholemodule;
				SWIFT_OPTIMIZATION_LEVEL = "-O";
				VALIDATE_PRODUCT = YES;
			};
			name = Release;
		};
		C40C0A5A2855CE5A000A73AA /* Debug */ = {
			isa = XCBuildConfiguration;
			buildSettings = {
				ASSETCATALOG_COMPILER_APPICON_NAME = AppIcon;
				ASSETCATALOG_COMPILER_GLOBAL_ACCENT_COLOR_NAME = AccentColor;
				CODE_SIGN_STYLE = Automatic;
				CURRENT_PROJECT_VERSION = 1;
				DEVELOPMENT_ASSET_PATHS = "\"E-Commerce-SwiftUI/Preview Content\"";
				DEVELOPMENT_TEAM = 5XZHHC4623;
				ENABLE_PREVIEWS = YES;
				GENERATE_INFOPLIST_FILE = YES;
				INFOPLIST_FILE = "E-Commerce-SwiftUI/Info.plist";
				INFOPLIST_KEY_UIApplicationSceneManifest_Generation = YES;
				INFOPLIST_KEY_UIApplicationSupportsIndirectInputEvents = YES;
				INFOPLIST_KEY_UISupportedInterfaceOrientations_iPad = "UIInterfaceOrientationPortrait UIInterfaceOrientationPortraitUpsideDown UIInterfaceOrientationLandscapeLeft UIInterfaceOrientationLandscapeRight";
				INFOPLIST_KEY_UISupportedInterfaceOrientations_iPhone = "UIInterfaceOrientationPortrait UIInterfaceOrientationLandscapeLeft UIInterfaceOrientationLandscapeRight";
				INFOPLIST_KEY_UIUserInterfaceStyle = Light;
				LD_RUNPATH_SEARCH_PATHS = (
					"$(inherited)",
					"@executable_path/Frameworks",
				);
				MARKETING_VERSION = 1.0;
				PRODUCT_BUNDLE_IDENTIFIER = "com.hakkicansengonul.E-Commerce-SwiftUI";
				PRODUCT_NAME = "$(TARGET_NAME)";
				SWIFT_EMIT_LOC_STRINGS = YES;
				SWIFT_VERSION = 5.0;
				TARGETED_DEVICE_FAMILY = "1,2";
			};
			name = Debug;
		};
		C40C0A5B2855CE5A000A73AA /* Release */ = {
			isa = XCBuildConfiguration;
			buildSettings = {
				ASSETCATALOG_COMPILER_APPICON_NAME = AppIcon;
				ASSETCATALOG_COMPILER_GLOBAL_ACCENT_COLOR_NAME = AccentColor;
				CODE_SIGN_STYLE = Automatic;
				CURRENT_PROJECT_VERSION = 1;
				DEVELOPMENT_ASSET_PATHS = "\"E-Commerce-SwiftUI/Preview Content\"";
				DEVELOPMENT_TEAM = 5XZHHC4623;
				ENABLE_PREVIEWS = YES;
				GENERATE_INFOPLIST_FILE = YES;
				INFOPLIST_FILE = "E-Commerce-SwiftUI/Info.plist";
				INFOPLIST_KEY_UIApplicationSceneManifest_Generation = YES;
				INFOPLIST_KEY_UIApplicationSupportsIndirectInputEvents = YES;
				INFOPLIST_KEY_UISupportedInterfaceOrientations_iPad = "UIInterfaceOrientationPortrait UIInterfaceOrientationPortraitUpsideDown UIInterfaceOrientationLandscapeLeft UIInterfaceOrientationLandscapeRight";
				INFOPLIST_KEY_UISupportedInterfaceOrientations_iPhone = "UIInterfaceOrientationPortrait UIInterfaceOrientationLandscapeLeft UIInterfaceOrientationLandscapeRight";
				INFOPLIST_KEY_UIUserInterfaceStyle = Light;
				LD_RUNPATH_SEARCH_PATHS = (
					"$(inherited)",
					"@executable_path/Frameworks",
				);
				MARKETING_VERSION = 1.0;
				PRODUCT_BUNDLE_IDENTIFIER = "com.hakkicansengonul.E-Commerce-SwiftUI";
				PRODUCT_NAME = "$(TARGET_NAME)";
				SWIFT_EMIT_LOC_STRINGS = YES;
				SWIFT_VERSION = 5.0;
				TARGETED_DEVICE_FAMILY = "1,2";
			};
			name = Release;
		};
/* End XCBuildConfiguration section */

/* Begin XCConfigurationList section */
		C40C0A462855CE59000A73AA /* Build configuration list for PBXProject "E-Commerce-SwiftUI" */ = {
			isa = XCConfigurationList;
			buildConfigurations = (
				C40C0A572855CE5A000A73AA /* Debug */,
				C40C0A582855CE5A000A73AA /* Release */,
			);
			defaultConfigurationIsVisible = 0;
			defaultConfigurationName = Release;
		};
		C40C0A592855CE5A000A73AA /* Build configuration list for PBXNativeTarget "E-Commerce-SwiftUI" */ = {
			isa = XCConfigurationList;
			buildConfigurations = (
				C40C0A5A2855CE5A000A73AA /* Debug */,
				C40C0A5B2855CE5A000A73AA /* Release */,
			);
			defaultConfigurationIsVisible = 0;
			defaultConfigurationName = Release;
		};
/* End XCConfigurationList section */
	};
	rootObject = C40C0A432855CE59000A73AA /* Project object */;
}
